
Microsoft Visual Studio Solution File, Format Version 12.00
# Visual Studio Version 16
VisualStudioVersion = 16.0.30011.22
MinimumVisualStudioVersion = 10.0.40219.1
Project("{9A19103F-16F7-4668-BE54-9A1E7A4F7556}") = "SimpleIPC", "SimpleIPC\SimpleIPC.csproj", "{7A04BEB8-97D5-4EEB-AC64-0F024AB439B0}"
EndProject
Project("{9A19103F-16F7-4668-BE54-9A1E7A4F7556}") = "SimpleIPC.Tests", "SimpleIPC.Tests\SimpleIPC.Tests.csproj", "{0B601C94-BF64-4C46-B5E9-B5FD46E7458A}"
EndProject
Global
	GlobalSection(SolutionConfigurationPlatforms) = preSolution
		Debug|Any CPU = Debug|Any CPU
		Release|Any CPU = Release|Any CPU
	EndGlobalSection
	GlobalSection(ProjectConfigurationPlatforms) = postSolution
		{7A04BEB8-97D5-4EEB-AC64-0F024AB439B0}.Debug|Any CPU.ActiveCfg = Debug|Any CPU
		{7A04BEB8-97D5-4EEB-AC64-0F024AB439B0}.Debug|Any CPU.Build.0 = Debug|Any CPU
		{7A04BEB8-97D5-4EEB-AC64-0F024AB439B0}.Release|Any CPU.ActiveCfg = Release|Any CPU
		{7A04BEB8-97D5-4EEB-AC64-0F024AB439B0}.Release|Any CPU.Build.0 = Release|Any CPU
		{0B601C94-BF64-4C46-B5E9-B5FD46E7458A}.Debug|Any CPU.ActiveCfg = Debug|Any CPU
		{0B601C94-BF64-4C46-B5E9-B5FD46E7458A}.Debug|Any CPU.Build.0 = Debug|Any CPU
		{0B601C94-BF64-4C46-B5E9-B5FD46E7458A}.Release|Any CPU.ActiveCfg = Release|Any CPU
		{0B601C94-BF64-4C46-B5E9-B5FD46E7458A}.Release|Any CPU.Build.0 = Release|Any CPU
	EndGlobalSection
	GlobalSection(SolutionProperties) = preSolution
		HideSolutionNode = FALSE
	EndGlobalSection
	GlobalSection(ExtensibilityGlobals) = postSolution
		SolutionGuid = {9C8EF34F-2155-4714-A497-FCA9F38592BD}
	EndGlobalSection
EndGlobal
