
Microsoft Visual Studio Solution File, Format Version 12.00
# Visual Studio Version 16
VisualStudioVersion = 16.0.30011.22
MinimumVisualStudioVersion = 10.0.40219.1
Project("{9A19103F-16F7-4668-BE54-9A1E7A4F7556}") = "SimpleIPCHttp", "SimpleIPCHttp\SimpleIPCHttp.csproj", "{F9BDA7CE-8249-4483-9E6B-DF9E7A58D7DF}"
EndProject
Project("{9A19103F-16F7-4668-BE54-9A1E7A4F7556}") = "SimpleIPCHttp.Tests", "SimpleIPCHttp.Tests\SimpleIPCHttp.Tests.csproj", "{5B6E3D1A-4319-4BD5-BA9E-6C6D59653B04}"
EndProject
Project("{2150E333-8FDC-42A3-9474-1A3956D46DE8}") = "Github", "Github", "{AB53FB21-E8E4-4145-A55F-59F1C35649E8}"
	ProjectSection(SolutionItems) = preProject
		.gitattributes = .gitattributes
		.gitignore = .gitignore
		README.md = README.md
	EndProjectSection
EndProject
Project("{FAE04EC0-301F-11D3-BF4B-00C04F79EFBC}") = "SimpleIPCHttp.TestDummy", "SimpleIPCHttp.TestDummy\SimpleIPCHttp.TestDummy.csproj", "{129DE560-819C-47F4-B8D0-C916DC30D2BD}"
EndProject
Global
	GlobalSection(SolutionConfigurationPlatforms) = preSolution
		Debug|Any CPU = Debug|Any CPU
		Release|Any CPU = Release|Any CPU
	EndGlobalSection
	GlobalSection(ProjectConfigurationPlatforms) = postSolution
		{F9BDA7CE-8249-4483-9E6B-DF9E7A58D7DF}.Debug|Any CPU.ActiveCfg = Debug|Any CPU
		{F9BDA7CE-8249-4483-9E6B-DF9E7A58D7DF}.Debug|Any CPU.Build.0 = Debug|Any CPU
		{F9BDA7CE-8249-4483-9E6B-DF9E7A58D7DF}.Release|Any CPU.ActiveCfg = Release|Any CPU
		{F9BDA7CE-8249-4483-9E6B-DF9E7A58D7DF}.Release|Any CPU.Build.0 = Release|Any CPU
		{5B6E3D1A-4319-4BD5-BA9E-6C6D59653B04}.Debug|Any CPU.ActiveCfg = Debug|Any CPU
		{5B6E3D1A-4319-4BD5-BA9E-6C6D59653B04}.Debug|Any CPU.Build.0 = Debug|Any CPU
		{5B6E3D1A-4319-4BD5-BA9E-6C6D59653B04}.Release|Any CPU.ActiveCfg = Release|Any CPU
		{5B6E3D1A-4319-4BD5-BA9E-6C6D59653B04}.Release|Any CPU.Build.0 = Release|Any CPU
		{129DE560-819C-47F4-B8D0-C916DC30D2BD}.Debug|Any CPU.ActiveCfg = Debug|Any CPU
		{129DE560-819C-47F4-B8D0-C916DC30D2BD}.Debug|Any CPU.Build.0 = Debug|Any CPU
		{129DE560-819C-47F4-B8D0-C916DC30D2BD}.Release|Any CPU.ActiveCfg = Release|Any CPU
		{129DE560-819C-47F4-B8D0-C916DC30D2BD}.Release|Any CPU.Build.0 = Release|Any CPU
	EndGlobalSection
	GlobalSection(SolutionProperties) = preSolution
		HideSolutionNode = FALSE
	EndGlobalSection
	GlobalSection(ExtensibilityGlobals) = postSolution
		SolutionGuid = {9C8EF34F-2155-4714-A497-FCA9F38592BD}
	EndGlobalSection
EndGlobal
